
Microsoft Visual Studio Solution File, Format Version 12.00
# Visual Studio Version 17
VisualStudioVersion = 17.8.34525.116
MinimumVisualStudioVersion = 10.0.40219.1
Project("{FAE04EC0-301F-11D3-BF4B-00C04F79EFBC}") = "Route.C41.G01.PL", "Route.C41.G01.PL\Route.C41.G01.PL.csproj", "{A8828F5B-232D-470B-8E99-6858B7C00A57}"
EndProject
Project("{FAE04EC0-301F-11D3-BF4B-00C04F79EFBC}") = "Route.C41.G01.DAL", "Route.C41.G01.DAL\Route.C41.G01.DAL.csproj", "{80489FB5-7697-41EF-A3D3-26747F62705E}"
EndProject
Project("{FAE04EC0-301F-11D3-BF4B-00C04F79EFBC}") = "Route.C41.G01.BLL", "Route.C41.G01.BLL\Route.C41.G01.BLL.csproj", "{8867F056-8F87-4A87-8FD3-44E121E4168D}"
EndProject
Global
	GlobalSection(SolutionConfigurationPlatforms) = preSolution
		Debug|Any CPU = Debug|Any CPU
		Release|Any CPU = Release|Any CPU
	EndGlobalSection
	GlobalSection(ProjectConfigurationPlatforms) = postSolution
		{A8828F5B-232D-470B-8E99-6858B7C00A57}.Debug|Any CPU.ActiveCfg = Debug|Any CPU
		{A8828F5B-232D-470B-8E99-6858B7C00A57}.Debug|Any CPU.Build.0 = Debug|Any CPU
		{A8828F5B-232D-470B-8E99-6858B7C00A57}.Release|Any CPU.ActiveCfg = Release|Any CPU
		{A8828F5B-232D-470B-8E99-6858B7C00A57}.Release|Any CPU.Build.0 = Release|Any CPU
		{80489FB5-7697-41EF-A3D3-26747F62705E}.Debug|Any CPU.ActiveCfg = Debug|Any CPU
		{80489FB5-7697-41EF-A3D3-26747F62705E}.Debug|Any CPU.Build.0 = Debug|Any CPU
		{80489FB5-7697-41EF-A3D3-26747F62705E}.Release|Any CPU.ActiveCfg = Release|Any CPU
		{80489FB5-7697-41EF-A3D3-26747F62705E}.Release|Any CPU.Build.0 = Release|Any CPU
		{8867F056-8F87-4A87-8FD3-44E121E4168D}.Debug|Any CPU.ActiveCfg = Debug|Any CPU
		{8867F056-8F87-4A87-8FD3-44E121E4168D}.Debug|Any CPU.Build.0 = Debug|Any CPU
		{8867F056-8F87-4A87-8FD3-44E121E4168D}.Release|Any CPU.ActiveCfg = Release|Any CPU
		{8867F056-8F87-4A87-8FD3-44E121E4168D}.Release|Any CPU.Build.0 = Release|Any CPU
	EndGlobalSection
	GlobalSection(SolutionProperties) = preSolution
		HideSolutionNode = FALSE
	EndGlobalSection
	GlobalSection(ExtensibilityGlobals) = postSolution
		SolutionGuid = {B99A4931-7FD6-423B-B0F1-9455536583C1}
	EndGlobalSection
EndGlobal
